{
  "name": "Flowsave",
  "lockfileVersion": 3,
  "requires": true,
  "packages": {
    "": {
      "dependencies": {
        "com.github-glitchenzo.nugetforunity": "^0.0.1-security"
      }
    },
    "node_modules/com.github-glitchenzo.nugetforunity": {
      "version": "0.0.1-security",
      "resolved": "https://registry.npmjs.org/com.github-glitchenzo.nugetforunity/-/com.github-glitchenzo.nugetforunity-0.0.1-security.tgz",
      "integrity": "sha512-TZ6/1FhDd/s7Wlz7CdlJrCI9yv3hUVCbwGHAUtZ4c6pESjLdFk4ECzSDuTMHViSFPCuXcs7yhDkswL8597omMA=="
    }
  }
}
